// !$*UTF8*$!
{
	archiveVersion = 1;
	classes = {
	};
	objectVersion = 50;
	objects = {

/* Begin PBXBuildFile section */
		119898C322DF475200B61653 /* KSDynamicLinker.c in Sources */ = {isa = PBXBuildFile; fileRef = 119898BF22DF475200B61653 /* KSDynamicLinker.c */; };
		119898C422DF475200B61653 /* ThreadInfo.m in Sources */ = {isa = PBXBuildFile; fileRef = 119898C122DF475200B61653 /* ThreadInfo.m */; };
		119898C822DF490600B61653 /* MiniDumpFile.m in Sources */ = {isa = PBXBuildFile; fileRef = 119898C622DF490600B61653 /* MiniDumpFile.m */; };
		119898CB22DF4A7F00B61653 /* SysUtil.m in Sources */ = {isa = PBXBuildFile; fileRef = 119898CA22DF4A7F00B61653 /* SysUtil.m */; };
/* End PBXBuildFile section */

/* Begin PBXCopyFilesBuildPhase section */
		4AF6100C22CD021200A52BFB /* CopyFiles */ = {
			isa = PBXCopyFilesBuildPhase;
			buildActionMask = 2147483647;
			dstPath = "include/$(PRODUCT_NAME)";
			dstSubfolderSpec = 16;
			files = (
			);
			runOnlyForDeploymentPostprocessing = 0;
		};
/* End PBXCopyFilesBuildPhase section */

/* Begin PBXFileReference section */
		119898BE22DF475200B61653 /* KSDynamicLinker.h */ = {isa = PBXFileReference; fileEncoding = 4; lastKnownFileType = sourcecode.c.h; path = KSDynamicLinker.h; sourceTree = "<group>"; };
		119898BF22DF475200B61653 /* KSDynamicLinker.c */ = {isa = PBXFileReference; fileEncoding = 4; lastKnownFileType = sourcecode.c.c; path = KSDynamicLinker.c; sourceTree = "<group>"; };
		119898C022DF475200B61653 /* ThreadInfo.h */ = {isa = PBXFileReference; fileEncoding = 4; lastKnownFileType = sourcecode.c.h; path = ThreadInfo.h; sourceTree = "<group>"; };
		119898C122DF475200B61653 /* ThreadInfo.m */ = {isa = PBXFileReference; fileEncoding = 4; lastKnownFileType = sourcecode.c.objc; path = ThreadInfo.m; sourceTree = "<group>"; };
		119898C622DF490600B61653 /* MiniDumpFile.m */ = {isa = PBXFileReference; fileEncoding = 4; lastKnownFileType = sourcecode.c.objc; path = MiniDumpFile.m; sourceTree = "<group>"; };
		119898C722DF490600B61653 /* MiniDumpFile.h */ = {isa = PBXFileReference; fileEncoding = 4; lastKnownFileType = sourcecode.c.h; path = MiniDumpFile.h; sourceTree = "<group>"; };
		119898C922DF4A7F00B61653 /* SysUtil.h */ = {isa = PBXFileReference; lastKnownFileType = sourcecode.c.h; path = SysUtil.h; sourceTree = "<group>"; };
		119898CA22DF4A7F00B61653 /* SysUtil.m */ = {isa = PBXFileReference; lastKnownFileType = sourcecode.c.objc; path = SysUtil.m; sourceTree = "<group>"; };
		4AF6100E22CD021200A52BFB /* libThreadSnapshot.a */ = {isa = PBXFileReference; explicitFileType = archive.ar; includeInIndex = 0; path = libThreadSnapshot.a; sourceTree = BUILT_PRODUCTS_DIR; };
/* End PBXFileReference section */

/* Begin PBXFrameworksBuildPhase section */
		4AF6100B22CD021200A52BFB /* Frameworks */ = {
			isa = PBXFrameworksBuildPhase;
			buildActionMask = 2147483647;
			files = (
			);
			runOnlyForDeploymentPostprocessing = 0;
		};
/* End PBXFrameworksBuildPhase section */

/* Begin PBXGroup section */
		4AF6100522CD021200A52BFB = {
			isa = PBXGroup;
			children = (
				4AF6101022CD021200A52BFB /* ThreadSnapshot */,
				4AF6100F22CD021200A52BFB /* Products */,
			);
			sourceTree = "<group>";
		};
		4AF6100F22CD021200A52BFB /* Products */ = {
			isa = PBXGroup;
			children = (
				4AF6100E22CD021200A52BFB /* libThreadSnapshot.a */,
			);
			name = Products;
			sourceTree = "<group>";
		};
		4AF6101022CD021200A52BFB /* ThreadSnapshot */ = {
			isa = PBXGroup;
			children = (
				119898C722DF490600B61653 /* MiniDumpFile.h */,
				119898C622DF490600B61653 /* MiniDumpFile.m */,
				119898BF22DF475200B61653 /* KSDynamicLinker.c */,
				119898BE22DF475200B61653 /* KSDynamicLinker.h */,
				119898C022DF475200B61653 /* ThreadInfo.h */,
				119898C122DF475200B61653 /* ThreadInfo.m */,
				119898C922DF4A7F00B61653 /* SysUtil.h */,
				119898CA22DF4A7F00B61653 /* SysUtil.m */,
			);
			path = ThreadSnapshot;
			sourceTree = "<group>";
		};
/* End PBXGroup section */

/* Begin PBXNativeTarget section */
		4AF6100D22CD021200A52BFB /* ThreadSnapshot */ = {
			isa = PBXNativeTarget;
			buildConfigurationList = 4AF6101722CD021200A52BFB /* Build configuration list for PBXNativeTarget "ThreadSnapshot" */;
			buildPhases = (
				4AF6100A22CD021200A52BFB /* Sources */,
				4AF6100B22CD021200A52BFB /* Frameworks */,
				4AF6100C22CD021200A52BFB /* CopyFiles */,
			);
			buildRules = (
			);
			dependencies = (
			);
			name = ThreadSnapshot;
			productName = ThreadSnapshot;
			productReference = 4AF6100E22CD021200A52BFB /* libThreadSnapshot.a */;
			productType = "com.apple.product-type.library.static";
		};
/* End PBXNativeTarget section */

/* Begin PBXProject section */
		4AF6100622CD021200A52BFB /* Project object */ = {
			isa = PBXProject;
			attributes = {
				LastUpgradeCheck = 1010;
				ORGANIZATIONNAME = "郑俊明";
				TargetAttributes = {
					4AF6100D22CD021200A52BFB = {
						CreatedOnToolsVersion = 10.1;
					};
				};
			};
			buildConfigurationList = 4AF6100922CD021200A52BFB /* Build configuration list for PBXProject "ThreadSnapshot" */;
			compatibilityVersion = "Xcode 9.3";
			developmentRegion = en;
			hasScannedForEncodings = 0;
			knownRegions = (
				en,
			);
			mainGroup = 4AF6100522CD021200A52BFB;
			productRefGroup = 4AF6100F22CD021200A52BFB /* Products */;
			projectDirPath = "";
			projectRoot = "";
			targets = (
				4AF6100D22CD021200A52BFB /* ThreadSnapshot */,
			);
		};
/* End PBXProject section */

/* Begin PBXSourcesBuildPhase section */
		4AF6100A22CD021200A52BFB /* Sources */ = {
			isa = PBXSourcesBuildPhase;
			buildActionMask = 2147483647;
			files = (
				119898C822DF490600B61653 /* MiniDumpFile.m in Sources */,
				119898CB22DF4A7F00B61653 /* SysUtil.m in Sources */,
				119898C322DF475200B61653 /* KSDynamicLinker.c in Sources */,
				119898C422DF475200B61653 /* ThreadInfo.m in Sources */,
			);
			runOnlyForDeploymentPostprocessing = 0;
		};
/* End PBXSourcesBuildPhase section */

/* Begin XCBuildConfiguration section */
		4AF6101522CD021200A52BFB /* Debug */ = {
			isa = XCBuildConfiguration;
			buildSettings = {
				ALWAYS_SEARCH_USER_PATHS = NO;
				CLANG_ANALYZER_NONNULL = YES;
				CLANG_ANALYZER_NUMBER_OBJECT_CONVERSION = YES_AGGRESSIVE;
				CLANG_CXX_LANGUAGE_STANDARD = "gnu++14";
				CLANG_CXX_LIBRARY = "libc++";
				CLANG_ENABLE_MODULES = YES;
				CLANG_ENABLE_OBJC_ARC = YES;
				CLANG_ENABLE_OBJC_WEAK = YES;
				CLANG_WARN_BLOCK_CAPTURE_AUTORELEASING = YES;
				CLANG_WARN_BOOL_CONVERSION = YES;
				CLANG_WARN_COMMA = YES;
				CLANG_WARN_CONSTANT_CONVERSION = YES;
				CLANG_WARN_DEPRECATED_OBJC_IMPLEMENTATIONS = YES;
				CLANG_WARN_DIRECT_OBJC_ISA_USAGE = YES_ERROR;
				CLANG_WARN_DOCUMENTATION_COMMENTS = YES;
				CLANG_WARN_EMPTY_BODY = YES;
				CLANG_WARN_ENUM_CONVERSION = YES;
				CLANG_WARN_INFINITE_RECURSION = YES;
				CLANG_WARN_INT_CONVERSION = YES;
				CLANG_WARN_NON_LITERAL_NULL_CONVERSION = YES;
				CLANG_WARN_OBJC_IMPLICIT_RETAIN_SELF = YES;
				CLANG_WARN_OBJC_LITERAL_CONVERSION = YES;
				CLANG_WARN_OBJC_ROOT_CLASS = YES_ERROR;
				CLANG_WARN_RANGE_LOOP_ANALYSIS = YES;
				CLANG_WARN_STRICT_PROTOTYPES = YES;
				CLANG_WARN_SUSPICIOUS_MOVE = YES;
				CLANG_WARN_UNGUARDED_AVAILABILITY = YES_AGGRESSIVE;
				CLANG_WARN_UNREACHABLE_CODE = YES;
				CLANG_WARN__DUPLICATE_METHOD_MATCH = YES;
				CODE_SIGN_IDENTITY = "iPhone Developer";
				COPY_PHASE_STRIP = NO;
				DEBUG_INFORMATION_FORMAT = dwarf;
				ENABLE_STRICT_OBJC_MSGSEND = YES;
				ENABLE_TESTABILITY = YES;
				GCC_C_LANGUAGE_STANDARD = gnu11;
				GCC_DYNAMIC_NO_PIC = NO;
				GCC_NO_COMMON_BLOCKS = YES;
				GCC_OPTIMIZATION_LEVEL = 0;
				GCC_PREPROCESSOR_DEFINITIONS = (
					"DEBUG=1",
					"$(inherited)",
				);
				GCC_WARN_64_TO_32_BIT_CONVERSION = YES;
				GCC_WARN_ABOUT_RETURN_TYPE = YES_ERROR;
				GCC_WARN_UNDECLARED_SELECTOR = YES;
				GCC_WARN_UNINITIALIZED_AUTOS = YES_AGGRESSIVE;
				GCC_WARN_UNUSED_FUNCTION = YES;
				GCC_WARN_UNUSED_VARIABLE = YES;
				IPHONEOS_DEPLOYMENT_TARGET = 12.1;
				MTL_ENABLE_DEBUG_INFO = INCLUDE_SOURCE;
				MTL_FAST_MATH = YES;
				ONLY_ACTIVE_ARCH = YES;
				SDKROOT = iphoneos;
			};
			name = Debug;
		};
		4AF6101622CD021200A52BFB /* Release */ = {
			isa = XCBuildConfiguration;
			buildSettings = {
				ALWAYS_SEARCH_USER_PATHS = NO;
				CLANG_ANALYZER_NONNULL = YES;
				CLANG_ANALYZER_NUMBER_OBJECT_CONVERSION = YES_AGGRESSIVE;
				CLANG_CXX_LANGUAGE_STANDARD = "gnu++14";
				CLANG_CXX_LIBRARY = "libc++";
				CLANG_ENABLE_MODULES = YES;
				CLANG_ENABLE_OBJC_ARC = YES;
				CLANG_ENABLE_OBJC_WEAK = YES;
				CLANG_WARN_BLOCK_CAPTURE_AUTORELEASING = YES;
				CLANG_WARN_BOOL_CONVERSION = YES;
				CLANG_WARN_COMMA = YES;
				CLANG_WARN_CONSTANT_CONVERSION = YES;
				CLANG_WARN_DEPRECATED_OBJC_IMPLEMENTATIONS = YES;
				CLANG_WARN_DIRECT_OBJC_ISA_USAGE = YES_ERROR;
				CLANG_WARN_DOCUMENTATION_COMMENTS = YES;
				CLANG_WARN_EMPTY_BODY = YES;
				CLANG_WARN_ENUM_CONVERSION = YES;
				CLANG_WARN_INFINITE_RECURSION = YES;
				CLANG_WARN_INT_CONVERSION = YES;
				CLANG_WARN_NON_LITERAL_NULL_CONVERSION = YES;
				CLANG_WARN_OBJC_IMPLICIT_RETAIN_SELF = YES;
				CLANG_WARN_OBJC_LITERAL_CONVERSION = YES;
				CLANG_WARN_OBJC_ROOT_CLASS = YES_ERROR;
				CLANG_WARN_RANGE_LOOP_ANALYSIS = YES;
				CLANG_WARN_STRICT_PROTOTYPES = YES;
				CLANG_WARN_SUSPICIOUS_MOVE = YES;
				CLANG_WARN_UNGUARDED_AVAILABILITY = YES_AGGRESSIVE;
				CLANG_WARN_UNREACHABLE_CODE = YES;
				CLANG_WARN__DUPLICATE_METHOD_MATCH = YES;
				CODE_SIGN_IDENTITY = "iPhone Developer";
				COPY_PHASE_STRIP = NO;
				DEBUG_INFORMATION_FORMAT = "dwarf-with-dsym";
				ENABLE_NS_ASSERTIONS = NO;
				ENABLE_STRICT_OBJC_MSGSEND = YES;
				GCC_C_LANGUAGE_STANDARD = gnu11;
				GCC_NO_COMMON_BLOCKS = YES;
				GCC_WARN_64_TO_32_BIT_CONVERSION = YES;
				GCC_WARN_ABOUT_RETURN_TYPE = YES_ERROR;
				GCC_WARN_UNDECLARED_SELECTOR = YES;
				GCC_WARN_UNINITIALIZED_AUTOS = YES_AGGRESSIVE;
				GCC_WARN_UNUSED_FUNCTION = YES;
				GCC_WARN_UNUSED_VARIABLE = YES;
				IPHONEOS_DEPLOYMENT_TARGET = 12.1;
				MTL_ENABLE_DEBUG_INFO = NO;
				MTL_FAST_MATH = YES;
				SDKROOT = iphoneos;
				VALIDATE_PRODUCT = YES;
			};
			name = Release;
		};
		4AF6101822CD021200A52BFB /* Debug */ = {
			isa = XCBuildConfiguration;
			buildSettings = {
				ARCHS = "$(ARCHS_STANDARD)";
				CODE_SIGN_STYLE = Automatic;
				DEVELOPMENT_TEAM = 3C948DA9P6;
				IPHONEOS_DEPLOYMENT_TARGET = 9.3;
				OTHER_LDFLAGS = "-ObjC";
				PRODUCT_NAME = "$(TARGET_NAME)";
				SKIP_INSTALL = YES;
				TARGETED_DEVICE_FAMILY = "1,2";
			};
			name = Debug;
		};
		4AF6101922CD021200A52BFB /* Release */ = {
			isa = XCBuildConfiguration;
			buildSettings = {
				ARCHS = "$(ARCHS_STANDARD)";
				CODE_SIGN_STYLE = Automatic;
				DEVELOPMENT_TEAM = 3C948DA9P6;
				IPHONEOS_DEPLOYMENT_TARGET = 9.3;
				OTHER_LDFLAGS = "-ObjC";
				PRODUCT_NAME = "$(TARGET_NAME)";
				SKIP_INSTALL = YES;
				TARGETED_DEVICE_FAMILY = "1,2";
			};
			name = Release;
		};
/* End XCBuildConfiguration section */

/* Begin XCConfigurationList section */
		4AF6100922CD021200A52BFB /* Build configuration list for PBXProject "ThreadSnapshot" */ = {
			isa = XCConfigurationList;
			buildConfigurations = (
				4AF6101522CD021200A52BFB /* Debug */,
				4AF6101622CD021200A52BFB /* Release */,
			);
			defaultConfigurationIsVisible = 0;
			defaultConfigurationName = Release;
		};
		4AF6101722CD021200A52BFB /* Build configuration list for PBXNativeTarget "ThreadSnapshot" */ = {
			isa = XCConfigurationList;
			buildConfigurations = (
				4AF6101822CD021200A52BFB /* Debug */,
				4AF6101922CD021200A52BFB /* Release */,
			);
			defaultConfigurationIsVisible = 0;
			defaultConfigurationName = Release;
		};
/* End XCConfigurationList section */
	};
	rootObject = 4AF6100622CD021200A52BFB /* Project object */;
}
